// !$*UTF8*$!
{
	archiveVersion = 1;
	classes = {
	};
	objectVersion = 50;
	objects = {

/* Begin PBXBuildFile section */
		BF78AD28246599120093B2AD /* FSA_Trans.cpp in Sources */ = {isa = PBXBuildFile; fileRef = BF78AD27246599120093B2AD /* FSA_Trans.cpp */; };
		BF78AD2A246599430093B2AD /* FSA_State.cpp in Sources */ = {isa = PBXBuildFile; fileRef = BF78AD29246599430093B2AD /* FSA_State.cpp */; };
		BF78AD2C246599720093B2AD /* FSA_Ctx.cpp in Sources */ = {isa = PBXBuildFile; fileRef = BF78AD2B246599720093B2AD /* FSA_Ctx.cpp */; };
		BF78AD2E246599920093B2AD /* FSA_Mgr.cpp in Sources */ = {isa = PBXBuildFile; fileRef = BF78AD2D246599920093B2AD /* FSA_Mgr.cpp */; };
		BF8ABF1024681A9E0003AEDD /* main.cpp in Sources */ = {isa = PBXBuildFile; fileRef = BF8ABF0E24681A9E0003AEDD /* main.cpp */; };
/* End PBXBuildFile section */

/* Begin PBXCopyFilesBuildPhase section */
		BF78AD12246597140093B2AD /* CopyFiles */ = {
			isa = PBXCopyFilesBuildPhase;
			buildActionMask = 2147483647;
			dstPath = /usr/share/man/man1/;
			dstSubfolderSpec = 0;
			files = (
			);
			runOnlyForDeploymentPostprocessing = 1;
		};
/* End PBXCopyFilesBuildPhase section */

/* Begin PBXFileReference section */
		BF1D4BAB246C024C00A08B4B /* .gitignore */ = {isa = PBXFileReference; lastKnownFileType = text; path = .gitignore; sourceTree = "<group>"; };
		BF2DEE0B2466AE0A007ED127 /* keywords.txt */ = {isa = PBXFileReference; fileEncoding = 4; lastKnownFileType = text; path = keywords.txt; sourceTree = "<group>"; };
		BF2DEE0C2466AE0B007ED127 /* library.properties */ = {isa = PBXFileReference; fileEncoding = 4; lastKnownFileType = text; path = library.properties; sourceTree = "<group>"; };
		BF2DEE0D2466AE0B007ED127 /* library.json */ = {isa = PBXFileReference; fileEncoding = 4; lastKnownFileType = text.json; path = library.json; sourceTree = "<group>"; };
		BF2DEE0E2466AE0B007ED127 /* README.md */ = {isa = PBXFileReference; fileEncoding = 4; lastKnownFileType = net.daringfireball.markdown; path = README.md; sourceTree = "<group>"; };
		BF78AD14246597140093B2AD /* FSA */ = {isa = PBXFileReference; explicitFileType = "compiled.mach-o.executable"; includeInIndex = 0; path = FSA; sourceTree = BUILT_PRODUCTS_DIR; };
		BF78AD23246597C10093B2AD /* FSA_Trans.h */ = {isa = PBXFileReference; lastKnownFileType = sourcecode.c.h; path = FSA_Trans.h; sourceTree = "<group>"; };
		BF78AD24246597DE0093B2AD /* FSA_State.h */ = {isa = PBXFileReference; lastKnownFileType = sourcecode.c.h; path = FSA_State.h; sourceTree = "<group>"; };
		BF78AD25246597F20093B2AD /* FSA_Ctx.h */ = {isa = PBXFileReference; lastKnownFileType = sourcecode.c.h; path = FSA_Ctx.h; sourceTree = "<group>"; };
		BF78AD26246598020093B2AD /* FSA_Mgr.h */ = {isa = PBXFileReference; lastKnownFileType = sourcecode.c.h; path = FSA_Mgr.h; sourceTree = "<group>"; };
		BF78AD27246599120093B2AD /* FSA_Trans.cpp */ = {isa = PBXFileReference; lastKnownFileType = sourcecode.cpp.cpp; path = FSA_Trans.cpp; sourceTree = "<group>"; };
		BF78AD29246599430093B2AD /* FSA_State.cpp */ = {isa = PBXFileReference; lastKnownFileType = sourcecode.cpp.cpp; path = FSA_State.cpp; sourceTree = "<group>"; };
		BF78AD2B246599720093B2AD /* FSA_Ctx.cpp */ = {isa = PBXFileReference; lastKnownFileType = sourcecode.cpp.cpp; path = FSA_Ctx.cpp; sourceTree = "<group>"; };
		BF78AD2D246599920093B2AD /* FSA_Mgr.cpp */ = {isa = PBXFileReference; lastKnownFileType = sourcecode.cpp.cpp; path = FSA_Mgr.cpp; sourceTree = "<group>"; };
		BF78AD2F2465A3110093B2AD /* FSA.h */ = {isa = PBXFileReference; lastKnownFileType = sourcecode.c.h; path = FSA.h; sourceTree = "<group>"; };
		BF8ABF0E24681A9E0003AEDD /* main.cpp */ = {isa = PBXFileReference; lastKnownFileType = sourcecode.cpp.cpp; path = main.cpp; sourceTree = "<group>"; };
		BF8ABF0F24681A9E0003AEDD /* main.hpp */ = {isa = PBXFileReference; lastKnownFileType = sourcecode.cpp.h; path = main.hpp; sourceTree = "<group>"; };
/* End PBXFileReference section */

/* Begin PBXFrameworksBuildPhase section */
		BF78AD11246597140093B2AD /* Frameworks */ = {
			isa = PBXFrameworksBuildPhase;
			buildActionMask = 2147483647;
			files = (
			);
			runOnlyForDeploymentPostprocessing = 0;
		};
/* End PBXFrameworksBuildPhase section */

/* Begin PBXGroup section */
		BF1D4BAA246BFDEC00A08B4B /* examples */ = {
			isa = PBXGroup;
			children = (
				BF8ABF0F24681A9E0003AEDD /* main.hpp */,
				BF8ABF0E24681A9E0003AEDD /* main.cpp */,
			);
			path = examples;
			sourceTree = "<group>";
		};
		BF78AD0B246597140093B2AD = {
			isa = PBXGroup;
			children = (
				BF1D4BAB246C024C00A08B4B /* .gitignore */,
				BF2DEE0D2466AE0B007ED127 /* library.json */,
				BF2DEE0B2466AE0A007ED127 /* keywords.txt */,
				BF2DEE0E2466AE0B007ED127 /* README.md */,
				BF2DEE0C2466AE0B007ED127 /* library.properties */,
				BF78AD2F2465A3110093B2AD /* FSA.h */,
				BF1D4BAA246BFDEC00A08B4B /* examples */,
				BF78AD16246597140093B2AD /* src */,
				BF78AD15246597140093B2AD /* Products */,
			);
			sourceTree = "<group>";
		};
		BF78AD15246597140093B2AD /* Products */ = {
			isa = PBXGroup;
			children = (
				BF78AD14246597140093B2AD /* FSA */,
			);
			name = Products;
			sourceTree = "<group>";
		};
		BF78AD16246597140093B2AD /* src */ = {
			isa = PBXGroup;
			children = (
				BF78AD24246597DE0093B2AD /* FSA_State.h */,
				BF78AD29246599430093B2AD /* FSA_State.cpp */,
				BF78AD23246597C10093B2AD /* FSA_Trans.h */,
				BF78AD27246599120093B2AD /* FSA_Trans.cpp */,
				BF78AD25246597F20093B2AD /* FSA_Ctx.h */,
				BF78AD2B246599720093B2AD /* FSA_Ctx.cpp */,
				BF78AD26246598020093B2AD /* FSA_Mgr.h */,
				BF78AD2D246599920093B2AD /* FSA_Mgr.cpp */,
			);
			path = src;
			sourceTree = "<group>";
		};
/* End PBXGroup section */

/* Begin PBXNativeTarget section */
		BF78AD13246597140093B2AD /* FSA */ = {
			isa = PBXNativeTarget;
			buildConfigurationList = BF78AD1B246597140093B2AD /* Build configuration list for PBXNativeTarget "FSA" */;
			buildPhases = (
				BF78AD10246597140093B2AD /* Sources */,
				BF78AD11246597140093B2AD /* Frameworks */,
				BF78AD12246597140093B2AD /* CopyFiles */,
			);
			buildRules = (
			);
			dependencies = (
			);
			name = FSA;
			productName = FSA;
			productReference = BF78AD14246597140093B2AD /* FSA */;
			productType = "com.apple.product-type.tool";
		};
/* End PBXNativeTarget section */

/* Begin PBXProject section */
		BF78AD0C246597140093B2AD /* Project object */ = {
			isa = PBXProject;
			attributes = {
				LastUpgradeCheck = 0940;
				ORGANIZATIONNAME = "Alex Livrette";
				TargetAttributes = {
					BF78AD13246597140093B2AD = {
						CreatedOnToolsVersion = 9.4.1;
					};
				};
			};
			buildConfigurationList = BF78AD0F246597140093B2AD /* Build configuration list for PBXProject "FSA" */;
			compatibilityVersion = "Xcode 9.3";
			developmentRegion = en;
			hasScannedForEncodings = 0;
			knownRegions = (
				en,
			);
			mainGroup = BF78AD0B246597140093B2AD;
			productRefGroup = BF78AD15246597140093B2AD /* Products */;
			projectDirPath = "";
			projectRoot = "";
			targets = (
				BF78AD13246597140093B2AD /* FSA */,
			);
		};
/* End PBXProject section */

/* Begin PBXSourcesBuildPhase section */
		BF78AD10246597140093B2AD /* Sources */ = {
			isa = PBXSourcesBuildPhase;
			buildActionMask = 2147483647;
			files = (
				BF78AD2C246599720093B2AD /* FSA_Ctx.cpp in Sources */,
				BF8ABF1024681A9E0003AEDD /* main.cpp in Sources */,
				BF78AD28246599120093B2AD /* FSA_Trans.cpp in Sources */,
				BF78AD2E246599920093B2AD /* FSA_Mgr.cpp in Sources */,
				BF78AD2A246599430093B2AD /* FSA_State.cpp in Sources */,
			);
			runOnlyForDeploymentPostprocessing = 0;
		};
/* End PBXSourcesBuildPhase section */

/* Begin XCBuildConfiguration section */
		BF78AD19246597140093B2AD /* Debug */ = {
			isa = XCBuildConfiguration;
			buildSettings = {
				ALWAYS_SEARCH_USER_PATHS = NO;
				CLANG_ANALYZER_NONNULL = YES;
				CLANG_ANALYZER_NUMBER_OBJECT_CONVERSION = YES_AGGRESSIVE;
				CLANG_CXX_LANGUAGE_STANDARD = "gnu++14";
				CLANG_CXX_LIBRARY = "libc++";
				CLANG_ENABLE_MODULES = YES;
				CLANG_ENABLE_OBJC_ARC = YES;
				CLANG_ENABLE_OBJC_WEAK = YES;
				CLANG_WARN_BLOCK_CAPTURE_AUTORELEASING = YES;
				CLANG_WARN_BOOL_CONVERSION = YES;
				CLANG_WARN_COMMA = YES;
				CLANG_WARN_CONSTANT_CONVERSION = YES;
				CLANG_WARN_DEPRECATED_OBJC_IMPLEMENTATIONS = YES;
				CLANG_WARN_DIRECT_OBJC_ISA_USAGE = YES_ERROR;
				CLANG_WARN_DOCUMENTATION_COMMENTS = YES;
				CLANG_WARN_EMPTY_BODY = YES;
				CLANG_WARN_ENUM_CONVERSION = YES;
				CLANG_WARN_INFINITE_RECURSION = YES;
				CLANG_WARN_INT_CONVERSION = YES;
				CLANG_WARN_NON_LITERAL_NULL_CONVERSION = YES;
				CLANG_WARN_OBJC_IMPLICIT_RETAIN_SELF = YES;
				CLANG_WARN_OBJC_LITERAL_CONVERSION = YES;
				CLANG_WARN_OBJC_ROOT_CLASS = YES_ERROR;
				CLANG_WARN_RANGE_LOOP_ANALYSIS = YES;
				CLANG_WARN_STRICT_PROTOTYPES = YES;
				CLANG_WARN_SUSPICIOUS_MOVE = YES;
				CLANG_WARN_UNGUARDED_AVAILABILITY = YES_AGGRESSIVE;
				CLANG_WARN_UNREACHABLE_CODE = YES;
				CLANG_WARN__DUPLICATE_METHOD_MATCH = YES;
				CODE_SIGN_IDENTITY = "-";
				COPY_PHASE_STRIP = NO;
				DEBUG_INFORMATION_FORMAT = dwarf;
				ENABLE_STRICT_OBJC_MSGSEND = YES;
				ENABLE_TESTABILITY = YES;
				GCC_C_LANGUAGE_STANDARD = gnu11;
				GCC_DYNAMIC_NO_PIC = NO;
				GCC_NO_COMMON_BLOCKS = YES;
				GCC_OPTIMIZATION_LEVEL = 0;
				GCC_PREPROCESSOR_DEFINITIONS = (
					"DEBUG=1",
					"$(inherited)",
				);
				GCC_WARN_64_TO_32_BIT_CONVERSION = YES;
				GCC_WARN_ABOUT_RETURN_TYPE = YES_ERROR;
				GCC_WARN_UNDECLARED_SELECTOR = YES;
				GCC_WARN_UNINITIALIZED_AUTOS = YES_AGGRESSIVE;
				GCC_WARN_UNUSED_FUNCTION = YES;
				GCC_WARN_UNUSED_VARIABLE = YES;
				MACOSX_DEPLOYMENT_TARGET = 10.13;
				MTL_ENABLE_DEBUG_INFO = YES;
				ONLY_ACTIVE_ARCH = YES;
				SDKROOT = macosx;
			};
			name = Debug;
		};
		BF78AD1A246597140093B2AD /* Release */ = {
			isa = XCBuildConfiguration;
			buildSettings = {
				ALWAYS_SEARCH_USER_PATHS = NO;
				CLANG_ANALYZER_NONNULL = YES;
				CLANG_ANALYZER_NUMBER_OBJECT_CONVERSION = YES_AGGRESSIVE;
				CLANG_CXX_LANGUAGE_STANDARD = "gnu++14";
				CLANG_CXX_LIBRARY = "libc++";
				CLANG_ENABLE_MODULES = YES;
				CLANG_ENABLE_OBJC_ARC = YES;
				CLANG_ENABLE_OBJC_WEAK = YES;
				CLANG_WARN_BLOCK_CAPTURE_AUTORELEASING = YES;
				CLANG_WARN_BOOL_CONVERSION = YES;
				CLANG_WARN_COMMA = YES;
				CLANG_WARN_CONSTANT_CONVERSION = YES;
				CLANG_WARN_DEPRECATED_OBJC_IMPLEMENTATIONS = YES;
				CLANG_WARN_DIRECT_OBJC_ISA_USAGE = YES_ERROR;
				CLANG_WARN_DOCUMENTATION_COMMENTS = YES;
				CLANG_WARN_EMPTY_BODY = YES;
				CLANG_WARN_ENUM_CONVERSION = YES;
				CLANG_WARN_INFINITE_RECURSION = YES;
				CLANG_WARN_INT_CONVERSION = YES;
				CLANG_WARN_NON_LITERAL_NULL_CONVERSION = YES;
				CLANG_WARN_OBJC_IMPLICIT_RETAIN_SELF = YES;
				CLANG_WARN_OBJC_LITERAL_CONVERSION = YES;
				CLANG_WARN_OBJC_ROOT_CLASS = YES_ERROR;
				CLANG_WARN_RANGE_LOOP_ANALYSIS = YES;
				CLANG_WARN_STRICT_PROTOTYPES = YES;
				CLANG_WARN_SUSPICIOUS_MOVE = YES;
				CLANG_WARN_UNGUARDED_AVAILABILITY = YES_AGGRESSIVE;
				CLANG_WARN_UNREACHABLE_CODE = YES;
				CLANG_WARN__DUPLICATE_METHOD_MATCH = YES;
				CODE_SIGN_IDENTITY = "-";
				COPY_PHASE_STRIP = NO;
				DEBUG_INFORMATION_FORMAT = "dwarf-with-dsym";
				ENABLE_NS_ASSERTIONS = NO;
				ENABLE_STRICT_OBJC_MSGSEND = YES;
				GCC_C_LANGUAGE_STANDARD = gnu11;
				GCC_NO_COMMON_BLOCKS = YES;
				GCC_WARN_64_TO_32_BIT_CONVERSION = YES;
				GCC_WARN_ABOUT_RETURN_TYPE = YES_ERROR;
				GCC_WARN_UNDECLARED_SELECTOR = YES;
				GCC_WARN_UNINITIALIZED_AUTOS = YES_AGGRESSIVE;
				GCC_WARN_UNUSED_FUNCTION = YES;
				GCC_WARN_UNUSED_VARIABLE = YES;
				MACOSX_DEPLOYMENT_TARGET = 10.13;
				MTL_ENABLE_DEBUG_INFO = NO;
				SDKROOT = macosx;
			};
			name = Release;
		};
		BF78AD1C246597140093B2AD /* Debug */ = {
			isa = XCBuildConfiguration;
			buildSettings = {
				CODE_SIGN_STYLE = Automatic;
				PRODUCT_NAME = "$(TARGET_NAME)";
			};
			name = Debug;
		};
		BF78AD1D246597140093B2AD /* Release */ = {
			isa = XCBuildConfiguration;
			buildSettings = {
				CODE_SIGN_STYLE = Automatic;
				PRODUCT_NAME = "$(TARGET_NAME)";
			};
			name = Release;
		};
/* End XCBuildConfiguration section */

/* Begin XCConfigurationList section */
		BF78AD0F246597140093B2AD /* Build configuration list for PBXProject "FSA" */ = {
			isa = XCConfigurationList;
			buildConfigurations = (
				BF78AD19246597140093B2AD /* Debug */,
				BF78AD1A246597140093B2AD /* Release */,
			);
			defaultConfigurationIsVisible = 0;
			defaultConfigurationName = Release;
		};
		BF78AD1B246597140093B2AD /* Build configuration list for PBXNativeTarget "FSA" */ = {
			isa = XCConfigurationList;
			buildConfigurations = (
				BF78AD1C246597140093B2AD /* Debug */,
				BF78AD1D246597140093B2AD /* Release */,
			);
			defaultConfigurationIsVisible = 0;
			defaultConfigurationName = Release;
		};
/* End XCConfigurationList section */
	};
	rootObject = BF78AD0C246597140093B2AD /* Project object */;
}
